{
  "name": "bakery-website",
  "version": "1.0.0",
  "lockfileVersion": 3,
  "requires": true,
  "packages": {
    "": {
      "name": "bakery-website",
      "version": "1.0.0",
      "license": "ISC",
      "devDependencies": {
        "daisyui": "^5.5.20"
      }
    },
    "node_modules/daisyui": {
      "version": "5.5.20",
      "resolved": "https://registry.npmjs.org/daisyui/-/daisyui-5.5.20.tgz",
      "integrity": "sha512-HemJcjl0Gk9rQ8BcgofN6p+EURrqftQG9wK1Hkxs98i49xe68+QxpNvry+PyxwkIUgrbMpNmZ5ZWjmtffAjfhQ==",
      "dev": true,
      "funding": {
        "url": "https://github.com/saadeghi/daisyui?sponsor=1"
      }
    }
  }
}
